
Microsoft Visual Studio Solution File, Format Version 12.00
# Visual Studio Version 17
VisualStudioVersion = 17.2.32630.192
MinimumVisualStudioVersion = 10.0.40219.1
Project("{9A19103F-16F7-4668-BE54-9A1E7A4F7556}") = "ABSmartly.Sdk", "src\ABSmartly.Sdk\ABSmartly.Sdk.csproj", "{6F864363-8E21-4DC1-92E6-B77BFDA38BC7}"
EndProject
Project("{2150E333-8FDC-42A3-9474-1A3956D46DE8}") = "Examples", "Examples", "{4B12CBE9-2387-4B0D-8676-A42FA4D07B3B}"
EndProject
Project("{FAE04EC0-301F-11D3-BF4B-00C04F79EFBC}") = "ABSmartlyExamples.SkiResortApp", "examples\Blazor\ABSmartlyExamples.SkiResortApp\ABSmartlyExamples.SkiResortApp.csproj", "{54B66373-B29C-44BD-BD5D-FBBE3D09C4BF}"
EndProject
Project("{FAE04EC0-301F-11D3-BF4B-00C04F79EFBC}") = "ABSmartlyExamples.NETFramework461", "examples\NETFramework\ABSmartlyExamples.NETFramework461\ABSmartlyExamples.NETFramework461.csproj", "{CD5E0CC0-AD26-4CE2-A199-688B79F80D8A}"
EndProject
Project("{FAE04EC0-301F-11D3-BF4B-00C04F79EFBC}") = "ABSmartly.Sdk.Tests", "tests\ABSmartly.Sdk.Tests\ABSmartly.Sdk.Tests.csproj", "{DB567D31-243E-448F-9043-83062A75DA63}"
EndProject
Project("{2150E333-8FDC-42A3-9474-1A3956D46DE8}") = "SolutionItems", "SolutionItems", "{B55C5144-01C3-4B5F-B95E-BA438573F95C}"
	ProjectSection(SolutionItems) = preProject
		.gitignore = .gitignore
		LICENSE = LICENSE
		README.md = README.md
	EndProjectSection
EndProject
Project("{FAE04EC0-301F-11D3-BF4B-00C04F79EFBC}") = "ABSmartlyExamples.NETConsoleApp", "examples\NET\ABSmartlyExamples.NETConsoleApp\ABSmartlyExamples.NETConsoleApp.csproj", "{12D024CB-C457-4802-9308-4017B5C9F622}"
EndProject
Global
	GlobalSection(SolutionConfigurationPlatforms) = preSolution
		Debug|Any CPU = Debug|Any CPU
		Release|Any CPU = Release|Any CPU
	EndGlobalSection
	GlobalSection(ProjectConfigurationPlatforms) = postSolution
		{6F864363-8E21-4DC1-92E6-B77BFDA38BC7}.Debug|Any CPU.ActiveCfg = Debug|Any CPU
		{6F864363-8E21-4DC1-92E6-B77BFDA38BC7}.Debug|Any CPU.Build.0 = Debug|Any CPU
		{6F864363-8E21-4DC1-92E6-B77BFDA38BC7}.Release|Any CPU.ActiveCfg = Release|Any CPU
		{6F864363-8E21-4DC1-92E6-B77BFDA38BC7}.Release|Any CPU.Build.0 = Release|Any CPU
		{54B66373-B29C-44BD-BD5D-FBBE3D09C4BF}.Debug|Any CPU.ActiveCfg = Debug|Any CPU
		{54B66373-B29C-44BD-BD5D-FBBE3D09C4BF}.Debug|Any CPU.Build.0 = Debug|Any CPU
		{54B66373-B29C-44BD-BD5D-FBBE3D09C4BF}.Release|Any CPU.ActiveCfg = Release|Any CPU
		{54B66373-B29C-44BD-BD5D-FBBE3D09C4BF}.Release|Any CPU.Build.0 = Release|Any CPU
		{CD5E0CC0-AD26-4CE2-A199-688B79F80D8A}.Debug|Any CPU.ActiveCfg = Debug|Any CPU
		{CD5E0CC0-AD26-4CE2-A199-688B79F80D8A}.Debug|Any CPU.Build.0 = Debug|Any CPU
		{CD5E0CC0-AD26-4CE2-A199-688B79F80D8A}.Release|Any CPU.ActiveCfg = Release|Any CPU
		{CD5E0CC0-AD26-4CE2-A199-688B79F80D8A}.Release|Any CPU.Build.0 = Release|Any CPU
		{DB567D31-243E-448F-9043-83062A75DA63}.Debug|Any CPU.ActiveCfg = Debug|Any CPU
		{DB567D31-243E-448F-9043-83062A75DA63}.Debug|Any CPU.Build.0 = Debug|Any CPU
		{DB567D31-243E-448F-9043-83062A75DA63}.Release|Any CPU.ActiveCfg = Release|Any CPU
		{DB567D31-243E-448F-9043-83062A75DA63}.Release|Any CPU.Build.0 = Release|Any CPU
		{12D024CB-C457-4802-9308-4017B5C9F622}.Debug|Any CPU.ActiveCfg = Debug|Any CPU
		{12D024CB-C457-4802-9308-4017B5C9F622}.Debug|Any CPU.Build.0 = Debug|Any CPU
		{12D024CB-C457-4802-9308-4017B5C9F622}.Release|Any CPU.ActiveCfg = Release|Any CPU
		{12D024CB-C457-4802-9308-4017B5C9F622}.Release|Any CPU.Build.0 = Release|Any CPU
	EndGlobalSection
	GlobalSection(SolutionProperties) = preSolution
		HideSolutionNode = FALSE
	EndGlobalSection
	GlobalSection(NestedProjects) = preSolution
		{54B66373-B29C-44BD-BD5D-FBBE3D09C4BF} = {4B12CBE9-2387-4B0D-8676-A42FA4D07B3B}
		{CD5E0CC0-AD26-4CE2-A199-688B79F80D8A} = {4B12CBE9-2387-4B0D-8676-A42FA4D07B3B}
		{12D024CB-C457-4802-9308-4017B5C9F622} = {4B12CBE9-2387-4B0D-8676-A42FA4D07B3B}
	EndGlobalSection
	GlobalSection(ExtensibilityGlobals) = postSolution
		SolutionGuid = {FF916795-B173-4E25-95A9-A2693DB8F1FC}
	EndGlobalSection
EndGlobal
